github.com/coalaura/atom v0.1.0 h1:SIDBPkN/yIs9mmj9mTyDLjTkL6RLs+Ayv6NAMiUvSNE=
github.com/coalaura/atom v0.1.0/go.mod h1:7pDe9uBEj3+qeHhpGdpvlvRp0JR17sEAZdAW+8vhc9M=
github.com/coalaura/byteconv v0.1.0 h1:LSS0zi3STk/y81YNrjkv9OKwZZ1CS5TcOmM1JfIWQYQ=
github.com/coalaura/byteconv v0.1.0/go.mod h1:0UH4yRUmQnRcvT8amAaLDpasKBPWxkmDKaHVnI3sn5k=
github.com/coalaura/openingrouter v1.1.8 h1:u0sK6bdFLNB7fMPBXXm7rHg6ecpJOBWHeyEZFSiijx0=
github.com/coalaura/openingrouter v1.1.8/go.mod h1:yXWZvv31G3EW0oH8QdU4IcB0+UYEFIsvUdFMTAuWjMU=
github.com/coalaura/plain v1.5.3 h1:gjIN6IaAk9hb6DhrLz8ZzsiCWpUZqf2fJwWhn/Upacs=
github.com/coalaura/plain v1.5.3/go.mod h1:bwJF5y4zwQjY7rTJFHHLPsXxDVCy0N+66fsLNYLYd6Q=
github.com/felixge/httpsnoop v1.1.0 h1:3YtUj32ZZkqZtt3sZZsClsymw/QDuVfpNhoA31zeORc=
github.com/felixge/httpsnoop v1.1.0/go.mod h1:Zqxgdd+1Rkcz8euOqdr7lqgCRJztwr5hp9vDSi5UZCE=
github.com/goccy/go-yaml v1.19.2 h1:PmFC1S6h8ljIz6gMRBopkjP1TVT7xuwrButHID66PoM=
github.com/goccy/go-yaml v1.19.2/go.mod h1:XBurs7gK8ATbW4ZPGKgcbrY1Br56PdM69F7LkFRi1kA=
github.com/google/go-cmp v0.6.0 h1:ofyhxvXcZhMsU5ulbFiLKl/XBFqE1GSq7atu8tAmTRI=
github.com/google/go-cmp v0.6.0/go.mod h1:17dUlkBOakJ0+DkrSSNjCkIjxS6bF9zb3elmeNGIjoY=
github.com/google/go-querystring v1.2.0 h1:yhqkPbu2/OH+V9BfpCVPZkNmUXhb2gBxJArfhIxNtP0=
github.com/google/go-querystring v1.2.0/go.mod h1:8IFJqpSRITyJ8QhQ13bmbeMBDfmeEJZD5A0egEOmkqU=
golang.org/x/sys v0.48.0 h1:bbX/i/6MgT9BVLM9RT1thmxL04yeTAhbEz4SyadbXoo=
golang.org/x/sys v0.48.0/go.mod h1:hNLxWAXmnKAxqDtdwIYC4bM9oQPEecfsnNMuSxOs3og=
golang.org/x/term v0.46.0 h1:3+OXuTbaKDgwk8jTi3aSLHRlmWqHEUDUtxnbFigO4YE=
golang.org/x/term v0.46.0/go.mod h1:+K02xbkittuwc0Am4abfA3Fc+XRGXkvBXNO88NCXPoc=
