github.com/coalaura/byteconv v0.1.0 h1:LSS0zi3STk/y81YNrjkv9OKwZZ1CS5TcOmM1JfIWQYQ=
github.com/coalaura/byteconv v0.1.0/go.mod h1:0UH4yRUmQnRcvT8amAaLDpasKBPWxkmDKaHVnI3sn5k=
github.com/coalaura/openingrouter v1.1.8 h1:u0sK6bdFLNB7fMPBXXm7rHg6ecpJOBWHeyEZFSiijx0=
github.com/coalaura/openingrouter v1.1.8/go.mod h1:yXWZvv31G3EW0oH8QdU4IcB0+UYEFIsvUdFMTAuWjMU=
github.com/coalaura/plain v1.4.3 h1:BKup0c+61D0HJPwYM9ddh+3CsHzMXWg6vGhRP/mmVXc=
github.com/coalaura/plain v1.4.3/go.mod h1:jcMR/C9RDdl8EQOHD4d/u8DoO1AI00fLDJfdfmrCFNA=
github.com/felixge/httpsnoop v1.0.4 h1:NFTV2Zj1bL4mc9sqWACXbQFVBBg2W3GPvqp8/ESS2Wg=
github.com/felixge/httpsnoop v1.0.4/go.mod h1:m8KPJKqk1gH5J9DgRY2ASl2lWCfGKXixSwevea8zH2U=
github.com/goccy/go-yaml v1.19.2 h1:PmFC1S6h8ljIz6gMRBopkjP1TVT7xuwrButHID66PoM=
github.com/goccy/go-yaml v1.19.2/go.mod h1:XBurs7gK8ATbW4ZPGKgcbrY1Br56PdM69F7LkFRi1kA=
github.com/google/go-cmp v0.6.0 h1:ofyhxvXcZhMsU5ulbFiLKl/XBFqE1GSq7atu8tAmTRI=
github.com/google/go-cmp v0.6.0/go.mod h1:17dUlkBOakJ0+DkrSSNjCkIjxS6bF9zb3elmeNGIjoY=
github.com/google/go-querystring v1.2.0 h1:yhqkPbu2/OH+V9BfpCVPZkNmUXhb2gBxJArfhIxNtP0=
github.com/google/go-querystring v1.2.0/go.mod h1:8IFJqpSRITyJ8QhQ13bmbeMBDfmeEJZD5A0egEOmkqU=
golang.org/x/sys v0.42.0 h1:omrd2nAlyT5ESRdCLYdm3+fMfNFE/+Rf4bDIQImRJeo=
golang.org/x/sys v0.42.0/go.mod h1:4GL1E5IUh+htKOUEOaiffhrAeqysfVGipDYzABqnCmw=
golang.org/x/term v0.41.0 h1:QCgPso/Q3RTJx2Th4bDLqML4W6iJiaXFq2/ftQF13YU=
golang.org/x/term v0.41.0/go.mod h1:3pfBgksrReYfZ5lvYM0kSO0LIkAl4Yl2bXOkKP7Ec2A=
